
Microsoft Visual Studio Solution File, Format Version 12.00
# Visual Studio Version 16
VisualStudioVersion = 16.0.31129.286
MinimumVisualStudioVersion = 10.0.40219.1
Project("{FAE04EC0-301F-11D3-BF4B-00C04F79EFBC}") = "awssqsSubscriber", "awssqsSubscriber\awssqsSubscriber.csproj", "{249E58D1-AC61-428F-819A-ECF4A559E3FE}"
EndProject
Project("{9A19103F-16F7-4668-BE54-9A1E7A4F7556}") = "awssqsPublisher", "awssqsPublisher\awssqsPublisher.csproj", "{F439D612-8205-4AE1-9725-603249F47C13}"
EndProject
Global
	GlobalSection(SolutionConfigurationPlatforms) = preSolution
		Debug|Any CPU = Debug|Any CPU
		Release|Any CPU = Release|Any CPU
	EndGlobalSection
	GlobalSection(ProjectConfigurationPlatforms) = postSolution
		{249E58D1-AC61-428F-819A-ECF4A559E3FE}.Debug|Any CPU.ActiveCfg = Debug|Any CPU
		{249E58D1-AC61-428F-819A-ECF4A559E3FE}.Debug|Any CPU.Build.0 = Debug|Any CPU
		{249E58D1-AC61-428F-819A-ECF4A559E3FE}.Release|Any CPU.ActiveCfg = Release|Any CPU
		{249E58D1-AC61-428F-819A-ECF4A559E3FE}.Release|Any CPU.Build.0 = Release|Any CPU
		{F439D612-8205-4AE1-9725-603249F47C13}.Debug|Any CPU.ActiveCfg = Debug|Any CPU
		{F439D612-8205-4AE1-9725-603249F47C13}.Debug|Any CPU.Build.0 = Debug|Any CPU
		{F439D612-8205-4AE1-9725-603249F47C13}.Release|Any CPU.ActiveCfg = Release|Any CPU
		{F439D612-8205-4AE1-9725-603249F47C13}.Release|Any CPU.Build.0 = Release|Any CPU
	EndGlobalSection
	GlobalSection(SolutionProperties) = preSolution
		HideSolutionNode = FALSE
	EndGlobalSection
	GlobalSection(ExtensibilityGlobals) = postSolution
		SolutionGuid = {C94CDADD-3D14-49F4-BB08-3BE3F1ACA161}
	EndGlobalSection
EndGlobal
